{
  "originHash" : "562b15ef26ba2b9f69946b06a7c402b04bec52979d248473fbbb44a1a8771a77",
  "pins" : [
    {
      "identity" : "csv.swift",
      "kind" : "remoteSourceControl",
      "location" : "https://github.com/yaslab/CSV.swift",
      "state" : {
        "revision" : "b4371dc833ba22ab6ead90fb63d267c3cf9ce773",
        "version" : "2.5.2"
      }
    },
    {
      "identity" : "swift-system-sound",
      "kind" : "remoteSourceControl",
      "location" : "https://github.com/p-x9/swift-system-sound",
      "state" : {
        "revision" : "b79e186e19bafe63b482fa257aedabc16063dc3a",
        "version" : "0.5.0"
      }
    }
  ],
  "version" : 3
}
